
Microsoft Visual Studio Solution File, Format Version 12.00
# Visual Studio Version 16
VisualStudioVersion = 16.0.30804.86
MinimumVisualStudioVersion = 10.0.40219.1
Project("{FAE04EC0-301F-11D3-BF4B-00C04F79EFBC}") = "ShassHubPoC", "ShassHubPoC\ShassHubPoC.csproj", "{8EA07747-AFDA-444C-A595-963A827D78D1}"
EndProject
Global
	GlobalSection(SolutionConfigurationPlatforms) = preSolution
		Debug|Any CPU = Debug|Any CPU
		Release|Any CPU = Release|Any CPU
	EndGlobalSection
	GlobalSection(ProjectConfigurationPlatforms) = postSolution
		{8EA07747-AFDA-444C-A595-963A827D78D1}.Debug|Any CPU.ActiveCfg = Debug|Any CPU
		{8EA07747-AFDA-444C-A595-963A827D78D1}.Debug|Any CPU.Build.0 = Debug|Any CPU
		{8EA07747-AFDA-444C-A595-963A827D78D1}.Release|Any CPU.ActiveCfg = Release|Any CPU
		{8EA07747-AFDA-444C-A595-963A827D78D1}.Release|Any CPU.Build.0 = Release|Any CPU
	EndGlobalSection
	GlobalSection(SolutionProperties) = preSolution
		HideSolutionNode = FALSE
	EndGlobalSection
	GlobalSection(ExtensibilityGlobals) = postSolution
		SolutionGuid = {D2149FA7-D209-479D-9E92-E5BCEA61F128}
	EndGlobalSection
EndGlobal
